
Microsoft Visual Studio Solution File, Format Version 12.00
# Visual Studio Version 17
VisualStudioVersion = 17.7.34221.43
MinimumVisualStudioVersion = 10.0.40219.1
Project("{FAE04EC0-301F-11D3-BF4B-00C04F79EFBC}") = "Interaction", "Interaction\Interaction.csproj", "{9E13D421-5E9A-4F76-B851-0919362822EB}"
EndProject
Project("{FAE04EC0-301F-11D3-BF4B-00C04F79EFBC}") = "DebugPluginLocally", "DebugPluginLocally\DebugPluginLocally.csproj", "{340E50E3-2440-4B6D-8B73-9E21D13E07BA}"
EndProject
Project("{FAE04EC0-301F-11D3-BF4B-00C04F79EFBC}") = "AutoSavePlugin", "AutoSavePlugin\AutoSavePlugin.csproj", "{C1EBCF03-04BE-476A-ABF9-9B34A6D47888}"
EndProject
Global
	GlobalSection(SolutionConfigurationPlatforms) = preSolution
		Debug|Any CPU = Debug|Any CPU
		Release|Any CPU = Release|Any CPU
	EndGlobalSection
	GlobalSection(ProjectConfigurationPlatforms) = postSolution
		{9E13D421-5E9A-4F76-B851-0919362822EB}.Debug|Any CPU.ActiveCfg = Debug|Any CPU
		{9E13D421-5E9A-4F76-B851-0919362822EB}.Debug|Any CPU.Build.0 = Debug|Any CPU
		{9E13D421-5E9A-4F76-B851-0919362822EB}.Release|Any CPU.ActiveCfg = Release|Any CPU
		{9E13D421-5E9A-4F76-B851-0919362822EB}.Release|Any CPU.Build.0 = Release|Any CPU
		{340E50E3-2440-4B6D-8B73-9E21D13E07BA}.Debug|Any CPU.ActiveCfg = Debug|Any CPU
		{340E50E3-2440-4B6D-8B73-9E21D13E07BA}.Debug|Any CPU.Build.0 = Debug|Any CPU
		{340E50E3-2440-4B6D-8B73-9E21D13E07BA}.Release|Any CPU.ActiveCfg = Release|Any CPU
		{340E50E3-2440-4B6D-8B73-9E21D13E07BA}.Release|Any CPU.Build.0 = Release|Any CPU
		{C1EBCF03-04BE-476A-ABF9-9B34A6D47888}.Debug|Any CPU.ActiveCfg = Debug|Any CPU
		{C1EBCF03-04BE-476A-ABF9-9B34A6D47888}.Debug|Any CPU.Build.0 = Debug|Any CPU
		{C1EBCF03-04BE-476A-ABF9-9B34A6D47888}.Release|Any CPU.ActiveCfg = Release|Any CPU
		{C1EBCF03-04BE-476A-ABF9-9B34A6D47888}.Release|Any CPU.Build.0 = Release|Any CPU
	EndGlobalSection
	GlobalSection(SolutionProperties) = preSolution
		HideSolutionNode = FALSE
	EndGlobalSection
	GlobalSection(ExtensibilityGlobals) = postSolution
		SolutionGuid = {400BBDE7-0CC1-4F8D-AA5D-EFC8C9B2849B}
	EndGlobalSection
EndGlobal
